<Solution>
  <Folder Name="/docs/">
    <Folder Name="/docs/spec/">
      <File Path="docs/spec/Fase 3 Monitoramento - Matérias e Aula.md" />
      <File Path="docs/spec/Plano-Desenvolvimento-TechChallenge-Fase3.md" />
      <File Path="docs/spec/Trabalho Sub TechChallenge SOAT - Fase 3.md" />
    </Folder>
  </Folder>
  <Folder Name="/Solution Items/">
    <File Path=".env" />
    <File Path="docker-compose.yml" />
    <File Path="otel-collector-config.yaml" />
    <File Path="README.md" />
  </Folder>
  <Folder Name="/src/">
    <Project Path="src/AutoSale.Sales.Api/AutoSale.Sales.Api.csproj" />
    <Project Path="src/AutoSale.Sales.Application/AutoSale.Sales.Application.csproj" />
    <Project Path="src/AutoSale.Sales.Domain/AutoSale.Sales.Domain.csproj" />
    <Project Path="src/AutoSale.Sales.Infrastructure/AutoSale.Sales.Infrastructure.csproj" />
  </Folder>
  <Folder Name="/src/BuildingBlocks/">
    <Project Path="src/BuildingBlocks/AutoSale.SharedKernel/AutoSale.SharedKernel.csproj" />
  </Folder>
  <Folder Name="/tests/">
    <Project Path="tests/AutoSale.Sales.Api.UnitTests/AutoSale.Sales.Api.UnitTests.csproj" />
    <Project Path="tests/AutoSale.Sales.Application.UnitTests/AutoSale.Sales.Application.UnitTests.csproj" />
    <Project Path="tests/AutoSale.Sales.Domain.UnitTests/AutoSale.Sales.Domain.UnitTests.csproj" />
    <Project Path="tests/AutoSale.Sales.Infrastructure.UnitTests/AutoSale.Sales.Infrastructure.UnitTests.csproj" />
  </Folder>
</Solution>
